
Microsoft Visual Studio Solution File, Format Version 12.00
# Visual Studio Version 16
VisualStudioVersion = 16.0.29519.87
MinimumVisualStudioVersion = 10.0.40219.1
Project("{FAE04EC0-301F-11D3-BF4B-00C04F79EFBC}") = "REDASCII Engine", "REDASCII Engine\REDASCII Engine.csproj", "{E50D0EF0-B9DD-4DB4-BA16-87B17A8AFC99}"
EndProject
Global
	GlobalSection(SolutionConfigurationPlatforms) = preSolution
		Debug|Any CPU = Debug|Any CPU
		Release|Any CPU = Release|Any CPU
	EndGlobalSection
	GlobalSection(ProjectConfigurationPlatforms) = postSolution
		{E50D0EF0-B9DD-4DB4-BA16-87B17A8AFC99}.Debug|Any CPU.ActiveCfg = Debug|Any CPU
		{E50D0EF0-B9DD-4DB4-BA16-87B17A8AFC99}.Debug|Any CPU.Build.0 = Debug|Any CPU
		{E50D0EF0-B9DD-4DB4-BA16-87B17A8AFC99}.Release|Any CPU.ActiveCfg = Release|Any CPU
		{E50D0EF0-B9DD-4DB4-BA16-87B17A8AFC99}.Release|Any CPU.Build.0 = Release|Any CPU
	EndGlobalSection
	GlobalSection(SolutionProperties) = preSolution
		HideSolutionNode = FALSE
	EndGlobalSection
	GlobalSection(ExtensibilityGlobals) = postSolution
		SolutionGuid = {828A04F0-0993-4A67-A978-3B3B6B133F0A}
	EndGlobalSection
EndGlobal
