
Microsoft Visual Studio Solution File, Format Version 12.00
# Visual Studio Version 16
VisualStudioVersion = 16.0.29519.87
MinimumVisualStudioVersion = 10.0.40219.1
Project("{9A19103F-16F7-4668-BE54-9A1E7A4F7556}") = "REDASCII Engine", "REDASCII Engine\REDASCII Engine.csproj", "{E50D0EF0-B9DD-4DB4-BA16-87B17A8AFC99}"
EndProject
Project("{FAE04EC0-301F-11D3-BF4B-00C04F79EFBC}") = "AdvancedConsole", "AdvancedConsole\AdvancedConsole.csproj", "{99351D39-7154-45C4-A044-CB11E7D3111C}"
EndProject
Project("{FAE04EC0-301F-11D3-BF4B-00C04F79EFBC}") = "TestingProject", "TestingProject\TestingProject.csproj", "{AEFF8AEC-F731-4DE1-86D9-329DFBBC7584}"
EndProject
Global
	GlobalSection(SolutionConfigurationPlatforms) = preSolution
		Debug|Any CPU = Debug|Any CPU
		Release|Any CPU = Release|Any CPU
	EndGlobalSection
	GlobalSection(ProjectConfigurationPlatforms) = postSolution
		{E50D0EF0-B9DD-4DB4-BA16-87B17A8AFC99}.Debug|Any CPU.ActiveCfg = Debug|Any CPU
		{E50D0EF0-B9DD-4DB4-BA16-87B17A8AFC99}.Debug|Any CPU.Build.0 = Debug|Any CPU
		{E50D0EF0-B9DD-4DB4-BA16-87B17A8AFC99}.Release|Any CPU.ActiveCfg = Release|Any CPU
		{E50D0EF0-B9DD-4DB4-BA16-87B17A8AFC99}.Release|Any CPU.Build.0 = Release|Any CPU
		{99351D39-7154-45C4-A044-CB11E7D3111C}.Debug|Any CPU.ActiveCfg = Debug|Any CPU
		{99351D39-7154-45C4-A044-CB11E7D3111C}.Debug|Any CPU.Build.0 = Debug|Any CPU
		{99351D39-7154-45C4-A044-CB11E7D3111C}.Release|Any CPU.ActiveCfg = Release|Any CPU
		{99351D39-7154-45C4-A044-CB11E7D3111C}.Release|Any CPU.Build.0 = Release|Any CPU
		{AEFF8AEC-F731-4DE1-86D9-329DFBBC7584}.Debug|Any CPU.ActiveCfg = Debug|Any CPU
		{AEFF8AEC-F731-4DE1-86D9-329DFBBC7584}.Debug|Any CPU.Build.0 = Debug|Any CPU
		{AEFF8AEC-F731-4DE1-86D9-329DFBBC7584}.Release|Any CPU.ActiveCfg = Release|Any CPU
		{AEFF8AEC-F731-4DE1-86D9-329DFBBC7584}.Release|Any CPU.Build.0 = Release|Any CPU
	EndGlobalSection
	GlobalSection(SolutionProperties) = preSolution
		HideSolutionNode = FALSE
	EndGlobalSection
	GlobalSection(ExtensibilityGlobals) = postSolution
		SolutionGuid = {828A04F0-0993-4A67-A978-3B3B6B133F0A}
	EndGlobalSection
EndGlobal
